
Microsoft Visual Studio Solution File, Format Version 12.00
# Visual Studio 14
VisualStudioVersion = 14.0.23107.0
MinimumVisualStudioVersion = 10.0.40219.1
Project("{8BC9CEB8-8B4A-11D0-8D11-00A0C91BC942}") = "Antinvader2015", "filter\Antinvader2015.vcxproj", "{5B125B1C-D3D0-4125-A5E8-19DC2A667691}"
	ProjectSection(ProjectDependencies) = postProject
		{EC8867F5-159F-4DBB-81FC-E3CD7939E697} = {EC8867F5-159F-4DBB-81FC-E3CD7939E697}
	EndProjectSection
EndProject
Project("{2150E333-8FDC-42A3-9474-1A3956D46DE8}") = "Filter", "Filter", "{B6D09009-7F5F-47D6-B87E-2426F90DFA46}"
EndProject
Project("{2150E333-8FDC-42A3-9474-1A3956D46DE8}") = "User", "User", "{21661AB9-D0B8-4F2F-BFB2-498E14284D31}"
EndProject
Project("{8BC9CEB8-8B4A-11D0-8D11-00A0C91BC942}") = "KernelControler", "user\KernelControler\KernelControler.vcxproj", "{7E30E889-736F-49D7-B353-ACF414581524}"
EndProject
Project("{8BC9CEB8-8B4A-11D0-8D11-00A0C91BC942}") = "AntinvaderDemo", "user\AntinvaderDemo\AntinvaderDemo.vcxproj", "{EC8867F5-159F-4DBB-81FC-E3CD7939E697}"
	ProjectSection(ProjectDependencies) = postProject
		{7E30E889-736F-49D7-B353-ACF414581524} = {7E30E889-736F-49D7-B353-ACF414581524}
	EndProjectSection
EndProject
Global
	GlobalSection(SolutionConfigurationPlatforms) = preSolution
		Debug|ARM = Debug|ARM
		Debug|ARM64 = Debug|ARM64
		Debug|x64 = Debug|x64
		Debug|x86 = Debug|x86
		Release|ARM = Release|ARM
		Release|ARM64 = Release|ARM64
		Release|x64 = Release|x64
		Release|x86 = Release|x86
	EndGlobalSection
	GlobalSection(ProjectConfigurationPlatforms) = postSolution
		{5B125B1C-D3D0-4125-A5E8-19DC2A667691}.Debug|ARM.ActiveCfg = Debug|ARM
		{5B125B1C-D3D0-4125-A5E8-19DC2A667691}.Debug|ARM.Build.0 = Debug|ARM
		{5B125B1C-D3D0-4125-A5E8-19DC2A667691}.Debug|ARM.Deploy.0 = Debug|ARM
		{5B125B1C-D3D0-4125-A5E8-19DC2A667691}.Debug|ARM64.ActiveCfg = Debug|ARM64
		{5B125B1C-D3D0-4125-A5E8-19DC2A667691}.Debug|ARM64.Build.0 = Debug|ARM64
		{5B125B1C-D3D0-4125-A5E8-19DC2A667691}.Debug|ARM64.Deploy.0 = Debug|ARM64
		{5B125B1C-D3D0-4125-A5E8-19DC2A667691}.Debug|x64.ActiveCfg = Debug|x64
		{5B125B1C-D3D0-4125-A5E8-19DC2A667691}.Debug|x64.Build.0 = Debug|x64
		{5B125B1C-D3D0-4125-A5E8-19DC2A667691}.Debug|x64.Deploy.0 = Debug|x64
		{5B125B1C-D3D0-4125-A5E8-19DC2A667691}.Debug|x86.ActiveCfg = Debug|Win32
		{5B125B1C-D3D0-4125-A5E8-19DC2A667691}.Debug|x86.Build.0 = Debug|Win32
		{5B125B1C-D3D0-4125-A5E8-19DC2A667691}.Debug|x86.Deploy.0 = Debug|Win32
		{5B125B1C-D3D0-4125-A5E8-19DC2A667691}.Release|ARM.ActiveCfg = Release|ARM
		{5B125B1C-D3D0-4125-A5E8-19DC2A667691}.Release|ARM.Build.0 = Release|ARM
		{5B125B1C-D3D0-4125-A5E8-19DC2A667691}.Release|ARM.Deploy.0 = Release|ARM
		{5B125B1C-D3D0-4125-A5E8-19DC2A667691}.Release|ARM64.ActiveCfg = Release|ARM64
		{5B125B1C-D3D0-4125-A5E8-19DC2A667691}.Release|ARM64.Build.0 = Release|ARM64
		{5B125B1C-D3D0-4125-A5E8-19DC2A667691}.Release|ARM64.Deploy.0 = Release|ARM64
		{5B125B1C-D3D0-4125-A5E8-19DC2A667691}.Release|x64.ActiveCfg = Release|x64
		{5B125B1C-D3D0-4125-A5E8-19DC2A667691}.Release|x64.Build.0 = Release|x64
		{5B125B1C-D3D0-4125-A5E8-19DC2A667691}.Release|x64.Deploy.0 = Release|x64
		{5B125B1C-D3D0-4125-A5E8-19DC2A667691}.Release|x86.ActiveCfg = Release|Win32
		{5B125B1C-D3D0-4125-A5E8-19DC2A667691}.Release|x86.Build.0 = Release|Win32
		{5B125B1C-D3D0-4125-A5E8-19DC2A667691}.Release|x86.Deploy.0 = Release|Win32
		{7E30E889-736F-49D7-B353-ACF414581524}.Debug|ARM.ActiveCfg = Debug|ARM
		{7E30E889-736F-49D7-B353-ACF414581524}.Debug|ARM.Build.0 = Debug|ARM
		{7E30E889-736F-49D7-B353-ACF414581524}.Debug|ARM64.ActiveCfg = Debug|ARM64
		{7E30E889-736F-49D7-B353-ACF414581524}.Debug|ARM64.Build.0 = Debug|ARM64
		{7E30E889-736F-49D7-B353-ACF414581524}.Debug|x64.ActiveCfg = Debug|x64
		{7E30E889-736F-49D7-B353-ACF414581524}.Debug|x64.Build.0 = Debug|x64
		{7E30E889-736F-49D7-B353-ACF414581524}.Debug|x86.ActiveCfg = Debug|Win32
		{7E30E889-736F-49D7-B353-ACF414581524}.Debug|x86.Build.0 = Debug|Win32
		{7E30E889-736F-49D7-B353-ACF414581524}.Release|ARM.ActiveCfg = Release|ARM
		{7E30E889-736F-49D7-B353-ACF414581524}.Release|ARM.Build.0 = Release|ARM
		{7E30E889-736F-49D7-B353-ACF414581524}.Release|ARM64.ActiveCfg = Release|ARM64
		{7E30E889-736F-49D7-B353-ACF414581524}.Release|ARM64.Build.0 = Release|ARM64
		{7E30E889-736F-49D7-B353-ACF414581524}.Release|x64.ActiveCfg = Release|x64
		{7E30E889-736F-49D7-B353-ACF414581524}.Release|x64.Build.0 = Release|x64
		{7E30E889-736F-49D7-B353-ACF414581524}.Release|x86.ActiveCfg = Release|Win32
		{7E30E889-736F-49D7-B353-ACF414581524}.Release|x86.Build.0 = Release|Win32
		{EC8867F5-159F-4DBB-81FC-E3CD7939E697}.Debug|ARM.ActiveCfg = Debug|ARM
		{EC8867F5-159F-4DBB-81FC-E3CD7939E697}.Debug|ARM.Build.0 = Debug|ARM
		{EC8867F5-159F-4DBB-81FC-E3CD7939E697}.Debug|ARM64.ActiveCfg = Debug|ARM64
		{EC8867F5-159F-4DBB-81FC-E3CD7939E697}.Debug|ARM64.Build.0 = Debug|ARM64
		{EC8867F5-159F-4DBB-81FC-E3CD7939E697}.Debug|x64.ActiveCfg = Debug|x64
		{EC8867F5-159F-4DBB-81FC-E3CD7939E697}.Debug|x64.Build.0 = Debug|x64
		{EC8867F5-159F-4DBB-81FC-E3CD7939E697}.Debug|x86.ActiveCfg = Debug|Win32
		{EC8867F5-159F-4DBB-81FC-E3CD7939E697}.Debug|x86.Build.0 = Debug|Win32
		{EC8867F5-159F-4DBB-81FC-E3CD7939E697}.Release|ARM.ActiveCfg = Release|ARM
		{EC8867F5-159F-4DBB-81FC-E3CD7939E697}.Release|ARM.Build.0 = Release|ARM
		{EC8867F5-159F-4DBB-81FC-E3CD7939E697}.Release|ARM64.ActiveCfg = Release|ARM64
		{EC8867F5-159F-4DBB-81FC-E3CD7939E697}.Release|ARM64.Build.0 = Release|ARM64
		{EC8867F5-159F-4DBB-81FC-E3CD7939E697}.Release|x64.ActiveCfg = Release|x64
		{EC8867F5-159F-4DBB-81FC-E3CD7939E697}.Release|x64.Build.0 = Release|x64
		{EC8867F5-159F-4DBB-81FC-E3CD7939E697}.Release|x86.ActiveCfg = Release|Win32
		{EC8867F5-159F-4DBB-81FC-E3CD7939E697}.Release|x86.Build.0 = Release|Win32
	EndGlobalSection
	GlobalSection(SolutionProperties) = preSolution
		HideSolutionNode = FALSE
	EndGlobalSection
	GlobalSection(NestedProjects) = preSolution
		{5B125B1C-D3D0-4125-A5E8-19DC2A667691} = {B6D09009-7F5F-47D6-B87E-2426F90DFA46}
		{7E30E889-736F-49D7-B353-ACF414581524} = {21661AB9-D0B8-4F2F-BFB2-498E14284D31}
		{EC8867F5-159F-4DBB-81FC-E3CD7939E697} = {21661AB9-D0B8-4F2F-BFB2-498E14284D31}
	EndGlobalSection
EndGlobal
